
Microsoft Visual Studio Solution File, Format Version 12.00
# Visual Studio Version 16
VisualStudioVersion = 16.0.30717.126
MinimumVisualStudioVersion = 10.0.40219.1
Project("{FAE04EC0-301F-11D3-BF4B-00C04F79EFBC}") = "To-Ba-To-Iutta", "To-Ba-To-Iutta.csproj", "{79029F47-F073-431B-B82C-E53AB9CA678E}"
EndProject
Global
	GlobalSection(SolutionConfigurationPlatforms) = preSolution
		Debug|Any CPU = Debug|Any CPU
		Release|Any CPU = Release|Any CPU
	EndGlobalSection
	GlobalSection(ProjectConfigurationPlatforms) = postSolution
		{79029F47-F073-431B-B82C-E53AB9CA678E}.Debug|Any CPU.ActiveCfg = Debug|Any CPU
		{79029F47-F073-431B-B82C-E53AB9CA678E}.Debug|Any CPU.Build.0 = Debug|Any CPU
		{79029F47-F073-431B-B82C-E53AB9CA678E}.Release|Any CPU.ActiveCfg = Release|Any CPU
		{79029F47-F073-431B-B82C-E53AB9CA678E}.Release|Any CPU.Build.0 = Release|Any CPU
	EndGlobalSection
	GlobalSection(SolutionProperties) = preSolution
		HideSolutionNode = FALSE
	EndGlobalSection
	GlobalSection(ExtensibilityGlobals) = postSolution
		SolutionGuid = {EF19E111-80ED-448A-9488-B53052B9779D}
	EndGlobalSection
EndGlobal
